
Microsoft Visual Studio Solution File, Format Version 12.00
# Visual Studio 15
VisualStudioVersion = 15.0.27703.2018
MinimumVisualStudioVersion = 10.0.40219.1
Project("{FAE04EC0-301F-11D3-BF4B-00C04F79EFBC}") = "XFOpenData", "XFOpenData\XFOpenData\XFOpenData.csproj", "{57AD6B21-DB09-4D81-BCB2-1983F021C294}"
EndProject
Project("{FAE04EC0-301F-11D3-BF4B-00C04F79EFBC}") = "XFOpenData.Android", "XFOpenData\XFOpenData.Android\XFOpenData.Android.csproj", "{87588E35-6CED-493D-9B32-9ABD535DE04D}"
EndProject
Project("{FAE04EC0-301F-11D3-BF4B-00C04F79EFBC}") = "XFOpenData.iOS", "XFOpenData\XFOpenData.iOS\XFOpenData.iOS.csproj", "{F9A9767D-1F07-4329-9ADB-C4659C68C7CC}"
EndProject
Project("{FAE04EC0-301F-11D3-BF4B-00C04F79EFBC}") = "XFOpenData.UWP", "XFOpenData\XFOpenData.UWP\XFOpenData.UWP.csproj", "{79C93958-A7F9-4B3E-A7D2-F3B1B8843263}"
EndProject
Global
	GlobalSection(SolutionConfigurationPlatforms) = preSolution
		Ad-Hoc|Any CPU = Ad-Hoc|Any CPU
		Ad-Hoc|ARM = Ad-Hoc|ARM
		Ad-Hoc|iPhone = Ad-Hoc|iPhone
		Ad-Hoc|iPhoneSimulator = Ad-Hoc|iPhoneSimulator
		Ad-Hoc|x64 = Ad-Hoc|x64
		Ad-Hoc|x86 = Ad-Hoc|x86
		AppStore|Any CPU = AppStore|Any CPU
		AppStore|ARM = AppStore|ARM
		AppStore|iPhone = AppStore|iPhone
		AppStore|iPhoneSimulator = AppStore|iPhoneSimulator
		AppStore|x64 = AppStore|x64
		AppStore|x86 = AppStore|x86
		Debug|Any CPU = Debug|Any CPU
		Debug|ARM = Debug|ARM
		Debug|iPhone = Debug|iPhone
		Debug|iPhoneSimulator = Debug|iPhoneSimulator
		Debug|x64 = Debug|x64
		Debug|x86 = Debug|x86
		Release|Any CPU = Release|Any CPU
		Release|ARM = Release|ARM
		Release|iPhone = Release|iPhone
		Release|iPhoneSimulator = Release|iPhoneSimulator
		Release|x64 = Release|x64
		Release|x86 = Release|x86
	EndGlobalSection
	GlobalSection(ProjectConfigurationPlatforms) = postSolution
		{57AD6B21-DB09-4D81-BCB2-1983F021C294}.Ad-Hoc|Any CPU.ActiveCfg = Debug|Any CPU
		{57AD6B21-DB09-4D81-BCB2-1983F021C294}.Ad-Hoc|Any CPU.Build.0 = Debug|Any CPU
		{57AD6B21-DB09-4D81-BCB2-1983F021C294}.Ad-Hoc|ARM.ActiveCfg = Debug|Any CPU
		{57AD6B21-DB09-4D81-BCB2-1983F021C294}.Ad-Hoc|ARM.Build.0 = Debug|Any CPU
		{57AD6B21-DB09-4D81-BCB2-1983F021C294}.Ad-Hoc|iPhone.ActiveCfg = Debug|Any CPU
		{57AD6B21-DB09-4D81-BCB2-1983F021C294}.Ad-Hoc|iPhone.Build.0 = Debug|Any CPU
		{57AD6B21-DB09-4D81-BCB2-1983F021C294}.Ad-Hoc|iPhoneSimulator.ActiveCfg = Debug|Any CPU
		{57AD6B21-DB09-4D81-BCB2-1983F021C294}.Ad-Hoc|iPhoneSimulator.Build.0 = Debug|Any CPU
		{57AD6B21-DB09-4D81-BCB2-1983F021C294}.Ad-Hoc|x64.ActiveCfg = Debug|Any CPU
		{57AD6B21-DB09-4D81-BCB2-1983F021C294}.Ad-Hoc|x64.Build.0 = Debug|Any CPU
		{57AD6B21-DB09-4D81-BCB2-1983F021C294}.Ad-Hoc|x86.ActiveCfg = Debug|Any CPU
		{57AD6B21-DB09-4D81-BCB2-1983F021C294}.Ad-Hoc|x86.Build.0 = Debug|Any CPU
		{57AD6B21-DB09-4D81-BCB2-1983F021C294}.AppStore|Any CPU.ActiveCfg = Debug|Any CPU
		{57AD6B21-DB09-4D81-BCB2-1983F021C294}.AppStore|Any CPU.Build.0 = Debug|Any CPU
		{57AD6B21-DB09-4D81-BCB2-1983F021C294}.AppStore|ARM.ActiveCfg = Debug|Any CPU
		{57AD6B21-DB09-4D81-BCB2-1983F021C294}.AppStore|ARM.Build.0 = Debug|Any CPU
		{57AD6B21-DB09-4D81-BCB2-1983F021C294}.AppStore|iPhone.ActiveCfg = Debug|Any CPU
		{57AD6B21-DB09-4D81-BCB2-1983F021C294}.AppStore|iPhone.Build.0 = Debug|Any CPU
		{57AD6B21-DB09-4D81-BCB2-1983F021C294}.AppStore|iPhoneSimulator.ActiveCfg = Debug|Any CPU
		{57AD6B21-DB09-4D81-BCB2-1983F021C294}.AppStore|iPhoneSimulator.Build.0 = Debug|Any CPU
		{57AD6B21-DB09-4D81-BCB2-1983F021C294}.AppStore|x64.ActiveCfg = Debug|Any CPU
		{57AD6B21-DB09-4D81-BCB2-1983F021C294}.AppStore|x64.Build.0 = Debug|Any CPU
		{57AD6B21-DB09-4D81-BCB2-1983F021C294}.AppStore|x86.ActiveCfg = Debug|Any CPU
		{57AD6B21-DB09-4D81-BCB2-1983F021C294}.AppStore|x86.Build.0 = Debug|Any CPU
		{57AD6B21-DB09-4D81-BCB2-1983F021C294}.Debug|Any CPU.ActiveCfg = Debug|Any CPU
		{57AD6B21-DB09-4D81-BCB2-1983F021C294}.Debug|Any CPU.Build.0 = Debug|Any CPU
		{57AD6B21-DB09-4D81-BCB2-1983F021C294}.Debug|ARM.ActiveCfg = Debug|Any CPU
		{57AD6B21-DB09-4D81-BCB2-1983F021C294}.Debug|ARM.Build.0 = Debug|Any CPU
		{57AD6B21-DB09-4D81-BCB2-1983F021C294}.Debug|iPhone.ActiveCfg = Debug|Any CPU
		{57AD6B21-DB09-4D81-BCB2-1983F021C294}.Debug|iPhone.Build.0 = Debug|Any CPU
		{57AD6B21-DB09-4D81-BCB2-1983F021C294}.Debug|iPhoneSimulator.ActiveCfg = Debug|Any CPU
		{57AD6B21-DB09-4D81-BCB2-1983F021C294}.Debug|iPhoneSimulator.Build.0 = Debug|Any CPU
		{57AD6B21-DB09-4D81-BCB2-1983F021C294}.Debug|x64.ActiveCfg = Debug|Any CPU
		{57AD6B21-DB09-4D81-BCB2-1983F021C294}.Debug|x64.Build.0 = Debug|Any CPU
		{57AD6B21-DB09-4D81-BCB2-1983F021C294}.Debug|x86.ActiveCfg = Debug|Any CPU
		{57AD6B21-DB09-4D81-BCB2-1983F021C294}.Debug|x86.Build.0 = Debug|Any CPU
		{57AD6B21-DB09-4D81-BCB2-1983F021C294}.Release|Any CPU.ActiveCfg = Release|Any CPU
		{57AD6B21-DB09-4D81-BCB2-1983F021C294}.Release|Any CPU.Build.0 = Release|Any CPU
		{57AD6B21-DB09-4D81-BCB2-1983F021C294}.Release|ARM.ActiveCfg = Release|Any CPU
		{57AD6B21-DB09-4D81-BCB2-1983F021C294}.Release|ARM.Build.0 = Release|Any CPU
		{57AD6B21-DB09-4D81-BCB2-1983F021C294}.Release|iPhone.ActiveCfg = Release|Any CPU
		{57AD6B21-DB09-4D81-BCB2-1983F021C294}.Release|iPhone.Build.0 = Release|Any CPU
		{57AD6B21-DB09-4D81-BCB2-1983F021C294}.Release|iPhoneSimulator.ActiveCfg = Release|Any CPU
		{57AD6B21-DB09-4D81-BCB2-1983F021C294}.Release|iPhoneSimulator.Build.0 = Release|Any CPU
		{57AD6B21-DB09-4D81-BCB2-1983F021C294}.Release|x64.ActiveCfg = Release|Any CPU
		{57AD6B21-DB09-4D81-BCB2-1983F021C294}.Release|x64.Build.0 = Release|Any CPU
		{57AD6B21-DB09-4D81-BCB2-1983F021C294}.Release|x86.ActiveCfg = Release|Any CPU
		{57AD6B21-DB09-4D81-BCB2-1983F021C294}.Release|x86.Build.0 = Release|Any CPU
		{87588E35-6CED-493D-9B32-9ABD535DE04D}.Ad-Hoc|Any CPU.ActiveCfg = Release|Any CPU
		{87588E35-6CED-493D-9B32-9ABD535DE04D}.Ad-Hoc|Any CPU.Build.0 = Release|Any CPU
		{87588E35-6CED-493D-9B32-9ABD535DE04D}.Ad-Hoc|Any CPU.Deploy.0 = Release|Any CPU
		{87588E35-6CED-493D-9B32-9ABD535DE04D}.Ad-Hoc|ARM.ActiveCfg = Release|Any CPU
		{87588E35-6CED-493D-9B32-9ABD535DE04D}.Ad-Hoc|ARM.Build.0 = Release|Any CPU
		{87588E35-6CED-493D-9B32-9ABD535DE04D}.Ad-Hoc|ARM.Deploy.0 = Release|Any CPU
		{87588E35-6CED-493D-9B32-9ABD535DE04D}.Ad-Hoc|iPhone.ActiveCfg = Release|Any CPU
		{87588E35-6CED-493D-9B32-9ABD535DE04D}.Ad-Hoc|iPhone.Build.0 = Release|Any CPU
		{87588E35-6CED-493D-9B32-9ABD535DE04D}.Ad-Hoc|iPhone.Deploy.0 = Release|Any CPU
		{87588E35-6CED-493D-9B32-9ABD535DE04D}.Ad-Hoc|iPhoneSimulator.ActiveCfg = Release|Any CPU
		{87588E35-6CED-493D-9B32-9ABD535DE04D}.Ad-Hoc|iPhoneSimulator.Build.0 = Release|Any CPU
		{87588E35-6CED-493D-9B32-9ABD535DE04D}.Ad-Hoc|iPhoneSimulator.Deploy.0 = Release|Any CPU
		{87588E35-6CED-493D-9B32-9ABD535DE04D}.Ad-Hoc|x64.ActiveCfg = Release|Any CPU
		{87588E35-6CED-493D-9B32-9ABD535DE04D}.Ad-Hoc|x64.Build.0 = Release|Any CPU
		{87588E35-6CED-493D-9B32-9ABD535DE04D}.Ad-Hoc|x64.Deploy.0 = Release|Any CPU
		{87588E35-6CED-493D-9B32-9ABD535DE04D}.Ad-Hoc|x86.ActiveCfg = Release|Any CPU
		{87588E35-6CED-493D-9B32-9ABD535DE04D}.Ad-Hoc|x86.Build.0 = Release|Any CPU
		{87588E35-6CED-493D-9B32-9ABD535DE04D}.Ad-Hoc|x86.Deploy.0 = Release|Any CPU
		{87588E35-6CED-493D-9B32-9ABD535DE04D}.AppStore|Any CPU.ActiveCfg = Release|Any CPU
		{87588E35-6CED-493D-9B32-9ABD535DE04D}.AppStore|Any CPU.Build.0 = Release|Any CPU
		{87588E35-6CED-493D-9B32-9ABD535DE04D}.AppStore|Any CPU.Deploy.0 = Release|Any CPU
		{87588E35-6CED-493D-9B32-9ABD535DE04D}.AppStore|ARM.ActiveCfg = Release|Any CPU
		{87588E35-6CED-493D-9B32-9ABD535DE04D}.AppStore|ARM.Build.0 = Release|Any CPU
		{87588E35-6CED-493D-9B32-9ABD535DE04D}.AppStore|ARM.Deploy.0 = Release|Any CPU
		{87588E35-6CED-493D-9B32-9ABD535DE04D}.AppStore|iPhone.ActiveCfg = Release|Any CPU
		{87588E35-6CED-493D-9B32-9ABD535DE04D}.AppStore|iPhone.Build.0 = Release|Any CPU
		{87588E35-6CED-493D-9B32-9ABD535DE04D}.AppStore|iPhone.Deploy.0 = Release|Any CPU
		{87588E35-6CED-493D-9B32-9ABD535DE04D}.AppStore|iPhoneSimulator.ActiveCfg = Release|Any CPU
		{87588E35-6CED-493D-9B32-9ABD535DE04D}.AppStore|iPhoneSimulator.Build.0 = Release|Any CPU
		{87588E35-6CED-493D-9B32-9ABD535DE04D}.AppStore|iPhoneSimulator.Deploy.0 = Release|Any CPU
		{87588E35-6CED-493D-9B32-9ABD535DE04D}.AppStore|x64.ActiveCfg = Release|Any CPU
		{87588E35-6CED-493D-9B32-9ABD535DE04D}.AppStore|x64.Build.0 = Release|Any CPU
		{87588E35-6CED-493D-9B32-9ABD535DE04D}.AppStore|x64.Deploy.0 = Release|Any CPU
		{87588E35-6CED-493D-9B32-9ABD535DE04D}.AppStore|x86.ActiveCfg = Release|Any CPU
		{87588E35-6CED-493D-9B32-9ABD535DE04D}.AppStore|x86.Build.0 = Release|Any CPU
		{87588E35-6CED-493D-9B32-9ABD535DE04D}.AppStore|x86.Deploy.0 = Release|Any CPU
		{87588E35-6CED-493D-9B32-9ABD535DE04D}.Debug|Any CPU.ActiveCfg = Debug|Any CPU
		{87588E35-6CED-493D-9B32-9ABD535DE04D}.Debug|Any CPU.Build.0 = Debug|Any CPU
		{87588E35-6CED-493D-9B32-9ABD535DE04D}.Debug|Any CPU.Deploy.0 = Debug|Any CPU
		{87588E35-6CED-493D-9B32-9ABD535DE04D}.Debug|ARM.ActiveCfg = Debug|Any CPU
		{87588E35-6CED-493D-9B32-9ABD535DE04D}.Debug|ARM.Build.0 = Debug|Any CPU
		{87588E35-6CED-493D-9B32-9ABD535DE04D}.Debug|ARM.Deploy.0 = Debug|Any CPU
		{87588E35-6CED-493D-9B32-9ABD535DE04D}.Debug|iPhone.ActiveCfg = Debug|Any CPU
		{87588E35-6CED-493D-9B32-9ABD535DE04D}.Debug|iPhone.Build.0 = Debug|Any CPU
		{87588E35-6CED-493D-9B32-9ABD535DE04D}.Debug|iPhone.Deploy.0 = Debug|Any CPU
		{87588E35-6CED-493D-9B32-9ABD535DE04D}.Debug|iPhoneSimulator.ActiveCfg = Debug|Any CPU
		{87588E35-6CED-493D-9B32-9ABD535DE04D}.Debug|iPhoneSimulator.Build.0 = Debug|Any CPU
		{87588E35-6CED-493D-9B32-9ABD535DE04D}.Debug|iPhoneSimulator.Deploy.0 = Debug|Any CPU
		{87588E35-6CED-493D-9B32-9ABD535DE04D}.Debug|x64.ActiveCfg = Debug|Any CPU
		{87588E35-6CED-493D-9B32-9ABD535DE04D}.Debug|x64.Build.0 = Debug|Any CPU
		{87588E35-6CED-493D-9B32-9ABD535DE04D}.Debug|x64.Deploy.0 = Debug|Any CPU
		{87588E35-6CED-493D-9B32-9ABD535DE04D}.Debug|x86.ActiveCfg = Debug|Any CPU
		{87588E35-6CED-493D-9B32-9ABD535DE04D}.Debug|x86.Build.0 = Debug|Any CPU
		{87588E35-6CED-493D-9B32-9ABD535DE04D}.Debug|x86.Deploy.0 = Debug|Any CPU
		{87588E35-6CED-493D-9B32-9ABD535DE04D}.Release|Any CPU.ActiveCfg = Release|Any CPU
		{87588E35-6CED-493D-9B32-9ABD535DE04D}.Release|Any CPU.Build.0 = Release|Any CPU
		{87588E35-6CED-493D-9B32-9ABD535DE04D}.Release|Any CPU.Deploy.0 = Release|Any CPU
		{87588E35-6CED-493D-9B32-9ABD535DE04D}.Release|ARM.ActiveCfg = Release|Any CPU
		{87588E35-6CED-493D-9B32-9ABD535DE04D}.Release|ARM.Build.0 = Release|Any CPU
		{87588E35-6CED-493D-9B32-9ABD535DE04D}.Release|ARM.Deploy.0 = Release|Any CPU
		{87588E35-6CED-493D-9B32-9ABD535DE04D}.Release|iPhone.ActiveCfg = Release|Any CPU
		{87588E35-6CED-493D-9B32-9ABD535DE04D}.Release|iPhone.Build.0 = Release|Any CPU
		{87588E35-6CED-493D-9B32-9ABD535DE04D}.Release|iPhone.Deploy.0 = Release|Any CPU
		{87588E35-6CED-493D-9B32-9ABD535DE04D}.Release|iPhoneSimulator.ActiveCfg = Release|Any CPU
		{87588E35-6CED-493D-9B32-9ABD535DE04D}.Release|iPhoneSimulator.Build.0 = Release|Any CPU
		{87588E35-6CED-493D-9B32-9ABD535DE04D}.Release|iPhoneSimulator.Deploy.0 = Release|Any CPU
		{87588E35-6CED-493D-9B32-9ABD535DE04D}.Release|x64.ActiveCfg = Release|Any CPU
		{87588E35-6CED-493D-9B32-9ABD535DE04D}.Release|x64.Build.0 = Release|Any CPU
		{87588E35-6CED-493D-9B32-9ABD535DE04D}.Release|x64.Deploy.0 = Release|Any CPU
		{87588E35-6CED-493D-9B32-9ABD535DE04D}.Release|x86.ActiveCfg = Release|Any CPU
		{87588E35-6CED-493D-9B32-9ABD535DE04D}.Release|x86.Build.0 = Release|Any CPU
		{87588E35-6CED-493D-9B32-9ABD535DE04D}.Release|x86.Deploy.0 = Release|Any CPU
		{F9A9767D-1F07-4329-9ADB-C4659C68C7CC}.Ad-Hoc|Any CPU.ActiveCfg = Ad-Hoc|iPhone
		{F9A9767D-1F07-4329-9ADB-C4659C68C7CC}.Ad-Hoc|ARM.ActiveCfg = Ad-Hoc|iPhone
		{F9A9767D-1F07-4329-9ADB-C4659C68C7CC}.Ad-Hoc|iPhone.ActiveCfg = Ad-Hoc|iPhone
		{F9A9767D-1F07-4329-9ADB-C4659C68C7CC}.Ad-Hoc|iPhone.Build.0 = Ad-Hoc|iPhone
		{F9A9767D-1F07-4329-9ADB-C4659C68C7CC}.Ad-Hoc|iPhoneSimulator.ActiveCfg = Ad-Hoc|iPhoneSimulator
		{F9A9767D-1F07-4329-9ADB-C4659C68C7CC}.Ad-Hoc|iPhoneSimulator.Build.0 = Ad-Hoc|iPhoneSimulator
		{F9A9767D-1F07-4329-9ADB-C4659C68C7CC}.Ad-Hoc|x64.ActiveCfg = Ad-Hoc|iPhone
		{F9A9767D-1F07-4329-9ADB-C4659C68C7CC}.Ad-Hoc|x86.ActiveCfg = Ad-Hoc|iPhone
		{F9A9767D-1F07-4329-9ADB-C4659C68C7CC}.AppStore|Any CPU.ActiveCfg = AppStore|iPhone
		{F9A9767D-1F07-4329-9ADB-C4659C68C7CC}.AppStore|ARM.ActiveCfg = AppStore|iPhone
		{F9A9767D-1F07-4329-9ADB-C4659C68C7CC}.AppStore|iPhone.ActiveCfg = AppStore|iPhone
		{F9A9767D-1F07-4329-9ADB-C4659C68C7CC}.AppStore|iPhone.Build.0 = AppStore|iPhone
		{F9A9767D-1F07-4329-9ADB-C4659C68C7CC}.AppStore|iPhoneSimulator.ActiveCfg = AppStore|iPhoneSimulator
		{F9A9767D-1F07-4329-9ADB-C4659C68C7CC}.AppStore|iPhoneSimulator.Build.0 = AppStore|iPhoneSimulator
		{F9A9767D-1F07-4329-9ADB-C4659C68C7CC}.AppStore|x64.ActiveCfg = AppStore|iPhone
		{F9A9767D-1F07-4329-9ADB-C4659C68C7CC}.AppStore|x86.ActiveCfg = AppStore|iPhone
		{F9A9767D-1F07-4329-9ADB-C4659C68C7CC}.Debug|Any CPU.ActiveCfg = Debug|iPhone
		{F9A9767D-1F07-4329-9ADB-C4659C68C7CC}.Debug|ARM.ActiveCfg = Debug|iPhone
		{F9A9767D-1F07-4329-9ADB-C4659C68C7CC}.Debug|iPhone.ActiveCfg = Debug|iPhone
		{F9A9767D-1F07-4329-9ADB-C4659C68C7CC}.Debug|iPhone.Build.0 = Debug|iPhone
		{F9A9767D-1F07-4329-9ADB-C4659C68C7CC}.Debug|iPhoneSimulator.ActiveCfg = Debug|iPhoneSimulator
		{F9A9767D-1F07-4329-9ADB-C4659C68C7CC}.Debug|iPhoneSimulator.Build.0 = Debug|iPhoneSimulator
		{F9A9767D-1F07-4329-9ADB-C4659C68C7CC}.Debug|x64.ActiveCfg = Debug|iPhone
		{F9A9767D-1F07-4329-9ADB-C4659C68C7CC}.Debug|x86.ActiveCfg = Debug|iPhone
		{F9A9767D-1F07-4329-9ADB-C4659C68C7CC}.Release|Any CPU.ActiveCfg = Release|iPhone
		{F9A9767D-1F07-4329-9ADB-C4659C68C7CC}.Release|ARM.ActiveCfg = Release|iPhone
		{F9A9767D-1F07-4329-9ADB-C4659C68C7CC}.Release|iPhone.ActiveCfg = Release|iPhone
		{F9A9767D-1F07-4329-9ADB-C4659C68C7CC}.Release|iPhone.Build.0 = Release|iPhone
		{F9A9767D-1F07-4329-9ADB-C4659C68C7CC}.Release|iPhoneSimulator.ActiveCfg = Release|iPhoneSimulator
		{F9A9767D-1F07-4329-9ADB-C4659C68C7CC}.Release|iPhoneSimulator.Build.0 = Release|iPhoneSimulator
		{F9A9767D-1F07-4329-9ADB-C4659C68C7CC}.Release|x64.ActiveCfg = Release|iPhone
		{F9A9767D-1F07-4329-9ADB-C4659C68C7CC}.Release|x86.ActiveCfg = Release|iPhone
		{79C93958-A7F9-4B3E-A7D2-F3B1B8843263}.Ad-Hoc|Any CPU.ActiveCfg = Release|x86
		{79C93958-A7F9-4B3E-A7D2-F3B1B8843263}.Ad-Hoc|Any CPU.Build.0 = Release|x86
		{79C93958-A7F9-4B3E-A7D2-F3B1B8843263}.Ad-Hoc|Any CPU.Deploy.0 = Release|x86
		{79C93958-A7F9-4B3E-A7D2-F3B1B8843263}.Ad-Hoc|ARM.ActiveCfg = Release|ARM
		{79C93958-A7F9-4B3E-A7D2-F3B1B8843263}.Ad-Hoc|ARM.Build.0 = Release|ARM
		{79C93958-A7F9-4B3E-A7D2-F3B1B8843263}.Ad-Hoc|ARM.Deploy.0 = Release|ARM
		{79C93958-A7F9-4B3E-A7D2-F3B1B8843263}.Ad-Hoc|iPhone.ActiveCfg = Release|x86
		{79C93958-A7F9-4B3E-A7D2-F3B1B8843263}.Ad-Hoc|iPhone.Build.0 = Release|x86
		{79C93958-A7F9-4B3E-A7D2-F3B1B8843263}.Ad-Hoc|iPhone.Deploy.0 = Release|x86
		{79C93958-A7F9-4B3E-A7D2-F3B1B8843263}.Ad-Hoc|iPhoneSimulator.ActiveCfg = Release|x86
		{79C93958-A7F9-4B3E-A7D2-F3B1B8843263}.Ad-Hoc|iPhoneSimulator.Build.0 = Release|x86
		{79C93958-A7F9-4B3E-A7D2-F3B1B8843263}.Ad-Hoc|iPhoneSimulator.Deploy.0 = Release|x86
		{79C93958-A7F9-4B3E-A7D2-F3B1B8843263}.Ad-Hoc|x64.ActiveCfg = Release|x64
		{79C93958-A7F9-4B3E-A7D2-F3B1B8843263}.Ad-Hoc|x64.Build.0 = Release|x64
		{79C93958-A7F9-4B3E-A7D2-F3B1B8843263}.Ad-Hoc|x64.Deploy.0 = Release|x64
		{79C93958-A7F9-4B3E-A7D2-F3B1B8843263}.Ad-Hoc|x86.ActiveCfg = Release|x86
		{79C93958-A7F9-4B3E-A7D2-F3B1B8843263}.Ad-Hoc|x86.Build.0 = Release|x86
		{79C93958-A7F9-4B3E-A7D2-F3B1B8843263}.Ad-Hoc|x86.Deploy.0 = Release|x86
		{79C93958-A7F9-4B3E-A7D2-F3B1B8843263}.AppStore|Any CPU.ActiveCfg = Release|x86
		{79C93958-A7F9-4B3E-A7D2-F3B1B8843263}.AppStore|Any CPU.Build.0 = Release|x86
		{79C93958-A7F9-4B3E-A7D2-F3B1B8843263}.AppStore|Any CPU.Deploy.0 = Release|x86
		{79C93958-A7F9-4B3E-A7D2-F3B1B8843263}.AppStore|ARM.ActiveCfg = Release|ARM
		{79C93958-A7F9-4B3E-A7D2-F3B1B8843263}.AppStore|ARM.Build.0 = Release|ARM
		{79C93958-A7F9-4B3E-A7D2-F3B1B8843263}.AppStore|ARM.Deploy.0 = Release|ARM
		{79C93958-A7F9-4B3E-A7D2-F3B1B8843263}.AppStore|iPhone.ActiveCfg = Release|x86
		{79C93958-A7F9-4B3E-A7D2-F3B1B8843263}.AppStore|iPhone.Build.0 = Release|x86
		{79C93958-A7F9-4B3E-A7D2-F3B1B8843263}.AppStore|iPhone.Deploy.0 = Release|x86
		{79C93958-A7F9-4B3E-A7D2-F3B1B8843263}.AppStore|iPhoneSimulator.ActiveCfg = Release|x86
		{79C93958-A7F9-4B3E-A7D2-F3B1B8843263}.AppStore|iPhoneSimulator.Build.0 = Release|x86
		{79C93958-A7F9-4B3E-A7D2-F3B1B8843263}.AppStore|iPhoneSimulator.Deploy.0 = Release|x86
		{79C93958-A7F9-4B3E-A7D2-F3B1B8843263}.AppStore|x64.ActiveCfg = Release|x64
		{79C93958-A7F9-4B3E-A7D2-F3B1B8843263}.AppStore|x64.Build.0 = Release|x64
		{79C93958-A7F9-4B3E-A7D2-F3B1B8843263}.AppStore|x64.Deploy.0 = Release|x64
		{79C93958-A7F9-4B3E-A7D2-F3B1B8843263}.AppStore|x86.ActiveCfg = Release|x86
		{79C93958-A7F9-4B3E-A7D2-F3B1B8843263}.AppStore|x86.Build.0 = Release|x86
		{79C93958-A7F9-4B3E-A7D2-F3B1B8843263}.AppStore|x86.Deploy.0 = Release|x86
		{79C93958-A7F9-4B3E-A7D2-F3B1B8843263}.Debug|Any CPU.ActiveCfg = Debug|x86
		{79C93958-A7F9-4B3E-A7D2-F3B1B8843263}.Debug|ARM.ActiveCfg = Debug|ARM
		{79C93958-A7F9-4B3E-A7D2-F3B1B8843263}.Debug|ARM.Build.0 = Debug|ARM
		{79C93958-A7F9-4B3E-A7D2-F3B1B8843263}.Debug|ARM.Deploy.0 = Debug|ARM
		{79C93958-A7F9-4B3E-A7D2-F3B1B8843263}.Debug|iPhone.ActiveCfg = Debug|x86
		{79C93958-A7F9-4B3E-A7D2-F3B1B8843263}.Debug|iPhoneSimulator.ActiveCfg = Debug|x86
		{79C93958-A7F9-4B3E-A7D2-F3B1B8843263}.Debug|x64.ActiveCfg = Debug|x64
		{79C93958-A7F9-4B3E-A7D2-F3B1B8843263}.Debug|x64.Build.0 = Debug|x64
		{79C93958-A7F9-4B3E-A7D2-F3B1B8843263}.Debug|x64.Deploy.0 = Debug|x64
		{79C93958-A7F9-4B3E-A7D2-F3B1B8843263}.Debug|x86.ActiveCfg = Debug|x86
		{79C93958-A7F9-4B3E-A7D2-F3B1B8843263}.Debug|x86.Build.0 = Debug|x86
		{79C93958-A7F9-4B3E-A7D2-F3B1B8843263}.Debug|x86.Deploy.0 = Debug|x86
		{79C93958-A7F9-4B3E-A7D2-F3B1B8843263}.Release|Any CPU.ActiveCfg = Release|x86
		{79C93958-A7F9-4B3E-A7D2-F3B1B8843263}.Release|ARM.ActiveCfg = Release|ARM
		{79C93958-A7F9-4B3E-A7D2-F3B1B8843263}.Release|ARM.Build.0 = Release|ARM
		{79C93958-A7F9-4B3E-A7D2-F3B1B8843263}.Release|ARM.Deploy.0 = Release|ARM
		{79C93958-A7F9-4B3E-A7D2-F3B1B8843263}.Release|iPhone.ActiveCfg = Release|x86
		{79C93958-A7F9-4B3E-A7D2-F3B1B8843263}.Release|iPhoneSimulator.ActiveCfg = Release|x86
		{79C93958-A7F9-4B3E-A7D2-F3B1B8843263}.Release|x64.ActiveCfg = Release|x64
		{79C93958-A7F9-4B3E-A7D2-F3B1B8843263}.Release|x64.Build.0 = Release|x64
		{79C93958-A7F9-4B3E-A7D2-F3B1B8843263}.Release|x64.Deploy.0 = Release|x64
		{79C93958-A7F9-4B3E-A7D2-F3B1B8843263}.Release|x86.ActiveCfg = Release|x86
		{79C93958-A7F9-4B3E-A7D2-F3B1B8843263}.Release|x86.Build.0 = Release|x86
		{79C93958-A7F9-4B3E-A7D2-F3B1B8843263}.Release|x86.Deploy.0 = Release|x86
	EndGlobalSection
	GlobalSection(SolutionProperties) = preSolution
		HideSolutionNode = FALSE
	EndGlobalSection
	GlobalSection(ExtensibilityGlobals) = postSolution
		SolutionGuid = {62C07987-0326-4FA1-B3AF-DA969048BD9D}
	EndGlobalSection
EndGlobal
