
Microsoft Visual Studio Solution File, Format Version 12.00
# Visual Studio 15
VisualStudioVersion = 15.0.27703.2018
MinimumVisualStudioVersion = 10.0.40219.1
Project("{FAE04EC0-301F-11D3-BF4B-00C04F79EFBC}") = "XFFile", "XFFile\XFFile\XFFile.csproj", "{7785CEE3-16D8-487D-A603-10FB549347AB}"
EndProject
Project("{FAE04EC0-301F-11D3-BF4B-00C04F79EFBC}") = "XFFile.Android", "XFFile\XFFile.Android\XFFile.Android.csproj", "{2FF23632-B54F-4611-8BEF-4CE47583B80A}"
EndProject
Project("{FAE04EC0-301F-11D3-BF4B-00C04F79EFBC}") = "XFFile.iOS", "XFFile\XFFile.iOS\XFFile.iOS.csproj", "{268AD70A-89B6-435B-8D92-6499571DA1E5}"
EndProject
Project("{FAE04EC0-301F-11D3-BF4B-00C04F79EFBC}") = "XFFile.UWP", "XFFile\XFFile.UWP\XFFile.UWP.csproj", "{B5A86C29-8CB8-4F76-8FD1-81864DB5FFE3}"
EndProject
Global
	GlobalSection(SolutionConfigurationPlatforms) = preSolution
		Ad-Hoc|Any CPU = Ad-Hoc|Any CPU
		Ad-Hoc|ARM = Ad-Hoc|ARM
		Ad-Hoc|iPhone = Ad-Hoc|iPhone
		Ad-Hoc|iPhoneSimulator = Ad-Hoc|iPhoneSimulator
		Ad-Hoc|x64 = Ad-Hoc|x64
		Ad-Hoc|x86 = Ad-Hoc|x86
		AppStore|Any CPU = AppStore|Any CPU
		AppStore|ARM = AppStore|ARM
		AppStore|iPhone = AppStore|iPhone
		AppStore|iPhoneSimulator = AppStore|iPhoneSimulator
		AppStore|x64 = AppStore|x64
		AppStore|x86 = AppStore|x86
		Debug|Any CPU = Debug|Any CPU
		Debug|ARM = Debug|ARM
		Debug|iPhone = Debug|iPhone
		Debug|iPhoneSimulator = Debug|iPhoneSimulator
		Debug|x64 = Debug|x64
		Debug|x86 = Debug|x86
		Release|Any CPU = Release|Any CPU
		Release|ARM = Release|ARM
		Release|iPhone = Release|iPhone
		Release|iPhoneSimulator = Release|iPhoneSimulator
		Release|x64 = Release|x64
		Release|x86 = Release|x86
	EndGlobalSection
	GlobalSection(ProjectConfigurationPlatforms) = postSolution
		{7785CEE3-16D8-487D-A603-10FB549347AB}.Ad-Hoc|Any CPU.ActiveCfg = Debug|Any CPU
		{7785CEE3-16D8-487D-A603-10FB549347AB}.Ad-Hoc|Any CPU.Build.0 = Debug|Any CPU
		{7785CEE3-16D8-487D-A603-10FB549347AB}.Ad-Hoc|ARM.ActiveCfg = Debug|Any CPU
		{7785CEE3-16D8-487D-A603-10FB549347AB}.Ad-Hoc|ARM.Build.0 = Debug|Any CPU
		{7785CEE3-16D8-487D-A603-10FB549347AB}.Ad-Hoc|iPhone.ActiveCfg = Debug|Any CPU
		{7785CEE3-16D8-487D-A603-10FB549347AB}.Ad-Hoc|iPhone.Build.0 = Debug|Any CPU
		{7785CEE3-16D8-487D-A603-10FB549347AB}.Ad-Hoc|iPhoneSimulator.ActiveCfg = Debug|Any CPU
		{7785CEE3-16D8-487D-A603-10FB549347AB}.Ad-Hoc|iPhoneSimulator.Build.0 = Debug|Any CPU
		{7785CEE3-16D8-487D-A603-10FB549347AB}.Ad-Hoc|x64.ActiveCfg = Debug|Any CPU
		{7785CEE3-16D8-487D-A603-10FB549347AB}.Ad-Hoc|x64.Build.0 = Debug|Any CPU
		{7785CEE3-16D8-487D-A603-10FB549347AB}.Ad-Hoc|x86.ActiveCfg = Debug|Any CPU
		{7785CEE3-16D8-487D-A603-10FB549347AB}.Ad-Hoc|x86.Build.0 = Debug|Any CPU
		{7785CEE3-16D8-487D-A603-10FB549347AB}.AppStore|Any CPU.ActiveCfg = Debug|Any CPU
		{7785CEE3-16D8-487D-A603-10FB549347AB}.AppStore|Any CPU.Build.0 = Debug|Any CPU
		{7785CEE3-16D8-487D-A603-10FB549347AB}.AppStore|ARM.ActiveCfg = Debug|Any CPU
		{7785CEE3-16D8-487D-A603-10FB549347AB}.AppStore|ARM.Build.0 = Debug|Any CPU
		{7785CEE3-16D8-487D-A603-10FB549347AB}.AppStore|iPhone.ActiveCfg = Debug|Any CPU
		{7785CEE3-16D8-487D-A603-10FB549347AB}.AppStore|iPhone.Build.0 = Debug|Any CPU
		{7785CEE3-16D8-487D-A603-10FB549347AB}.AppStore|iPhoneSimulator.ActiveCfg = Debug|Any CPU
		{7785CEE3-16D8-487D-A603-10FB549347AB}.AppStore|iPhoneSimulator.Build.0 = Debug|Any CPU
		{7785CEE3-16D8-487D-A603-10FB549347AB}.AppStore|x64.ActiveCfg = Debug|Any CPU
		{7785CEE3-16D8-487D-A603-10FB549347AB}.AppStore|x64.Build.0 = Debug|Any CPU
		{7785CEE3-16D8-487D-A603-10FB549347AB}.AppStore|x86.ActiveCfg = Debug|Any CPU
		{7785CEE3-16D8-487D-A603-10FB549347AB}.AppStore|x86.Build.0 = Debug|Any CPU
		{7785CEE3-16D8-487D-A603-10FB549347AB}.Debug|Any CPU.ActiveCfg = Debug|Any CPU
		{7785CEE3-16D8-487D-A603-10FB549347AB}.Debug|Any CPU.Build.0 = Debug|Any CPU
		{7785CEE3-16D8-487D-A603-10FB549347AB}.Debug|ARM.ActiveCfg = Debug|Any CPU
		{7785CEE3-16D8-487D-A603-10FB549347AB}.Debug|ARM.Build.0 = Debug|Any CPU
		{7785CEE3-16D8-487D-A603-10FB549347AB}.Debug|iPhone.ActiveCfg = Debug|Any CPU
		{7785CEE3-16D8-487D-A603-10FB549347AB}.Debug|iPhone.Build.0 = Debug|Any CPU
		{7785CEE3-16D8-487D-A603-10FB549347AB}.Debug|iPhoneSimulator.ActiveCfg = Debug|Any CPU
		{7785CEE3-16D8-487D-A603-10FB549347AB}.Debug|iPhoneSimulator.Build.0 = Debug|Any CPU
		{7785CEE3-16D8-487D-A603-10FB549347AB}.Debug|x64.ActiveCfg = Debug|Any CPU
		{7785CEE3-16D8-487D-A603-10FB549347AB}.Debug|x64.Build.0 = Debug|Any CPU
		{7785CEE3-16D8-487D-A603-10FB549347AB}.Debug|x86.ActiveCfg = Debug|Any CPU
		{7785CEE3-16D8-487D-A603-10FB549347AB}.Debug|x86.Build.0 = Debug|Any CPU
		{7785CEE3-16D8-487D-A603-10FB549347AB}.Release|Any CPU.ActiveCfg = Release|Any CPU
		{7785CEE3-16D8-487D-A603-10FB549347AB}.Release|Any CPU.Build.0 = Release|Any CPU
		{7785CEE3-16D8-487D-A603-10FB549347AB}.Release|ARM.ActiveCfg = Release|Any CPU
		{7785CEE3-16D8-487D-A603-10FB549347AB}.Release|ARM.Build.0 = Release|Any CPU
		{7785CEE3-16D8-487D-A603-10FB549347AB}.Release|iPhone.ActiveCfg = Release|Any CPU
		{7785CEE3-16D8-487D-A603-10FB549347AB}.Release|iPhone.Build.0 = Release|Any CPU
		{7785CEE3-16D8-487D-A603-10FB549347AB}.Release|iPhoneSimulator.ActiveCfg = Release|Any CPU
		{7785CEE3-16D8-487D-A603-10FB549347AB}.Release|iPhoneSimulator.Build.0 = Release|Any CPU
		{7785CEE3-16D8-487D-A603-10FB549347AB}.Release|x64.ActiveCfg = Release|Any CPU
		{7785CEE3-16D8-487D-A603-10FB549347AB}.Release|x64.Build.0 = Release|Any CPU
		{7785CEE3-16D8-487D-A603-10FB549347AB}.Release|x86.ActiveCfg = Release|Any CPU
		{7785CEE3-16D8-487D-A603-10FB549347AB}.Release|x86.Build.0 = Release|Any CPU
		{2FF23632-B54F-4611-8BEF-4CE47583B80A}.Ad-Hoc|Any CPU.ActiveCfg = Release|Any CPU
		{2FF23632-B54F-4611-8BEF-4CE47583B80A}.Ad-Hoc|Any CPU.Build.0 = Release|Any CPU
		{2FF23632-B54F-4611-8BEF-4CE47583B80A}.Ad-Hoc|Any CPU.Deploy.0 = Release|Any CPU
		{2FF23632-B54F-4611-8BEF-4CE47583B80A}.Ad-Hoc|ARM.ActiveCfg = Release|Any CPU
		{2FF23632-B54F-4611-8BEF-4CE47583B80A}.Ad-Hoc|ARM.Build.0 = Release|Any CPU
		{2FF23632-B54F-4611-8BEF-4CE47583B80A}.Ad-Hoc|ARM.Deploy.0 = Release|Any CPU
		{2FF23632-B54F-4611-8BEF-4CE47583B80A}.Ad-Hoc|iPhone.ActiveCfg = Release|Any CPU
		{2FF23632-B54F-4611-8BEF-4CE47583B80A}.Ad-Hoc|iPhone.Build.0 = Release|Any CPU
		{2FF23632-B54F-4611-8BEF-4CE47583B80A}.Ad-Hoc|iPhone.Deploy.0 = Release|Any CPU
		{2FF23632-B54F-4611-8BEF-4CE47583B80A}.Ad-Hoc|iPhoneSimulator.ActiveCfg = Release|Any CPU
		{2FF23632-B54F-4611-8BEF-4CE47583B80A}.Ad-Hoc|iPhoneSimulator.Build.0 = Release|Any CPU
		{2FF23632-B54F-4611-8BEF-4CE47583B80A}.Ad-Hoc|iPhoneSimulator.Deploy.0 = Release|Any CPU
		{2FF23632-B54F-4611-8BEF-4CE47583B80A}.Ad-Hoc|x64.ActiveCfg = Release|Any CPU
		{2FF23632-B54F-4611-8BEF-4CE47583B80A}.Ad-Hoc|x64.Build.0 = Release|Any CPU
		{2FF23632-B54F-4611-8BEF-4CE47583B80A}.Ad-Hoc|x64.Deploy.0 = Release|Any CPU
		{2FF23632-B54F-4611-8BEF-4CE47583B80A}.Ad-Hoc|x86.ActiveCfg = Release|Any CPU
		{2FF23632-B54F-4611-8BEF-4CE47583B80A}.Ad-Hoc|x86.Build.0 = Release|Any CPU
		{2FF23632-B54F-4611-8BEF-4CE47583B80A}.Ad-Hoc|x86.Deploy.0 = Release|Any CPU
		{2FF23632-B54F-4611-8BEF-4CE47583B80A}.AppStore|Any CPU.ActiveCfg = Release|Any CPU
		{2FF23632-B54F-4611-8BEF-4CE47583B80A}.AppStore|Any CPU.Build.0 = Release|Any CPU
		{2FF23632-B54F-4611-8BEF-4CE47583B80A}.AppStore|Any CPU.Deploy.0 = Release|Any CPU
		{2FF23632-B54F-4611-8BEF-4CE47583B80A}.AppStore|ARM.ActiveCfg = Release|Any CPU
		{2FF23632-B54F-4611-8BEF-4CE47583B80A}.AppStore|ARM.Build.0 = Release|Any CPU
		{2FF23632-B54F-4611-8BEF-4CE47583B80A}.AppStore|ARM.Deploy.0 = Release|Any CPU
		{2FF23632-B54F-4611-8BEF-4CE47583B80A}.AppStore|iPhone.ActiveCfg = Release|Any CPU
		{2FF23632-B54F-4611-8BEF-4CE47583B80A}.AppStore|iPhone.Build.0 = Release|Any CPU
		{2FF23632-B54F-4611-8BEF-4CE47583B80A}.AppStore|iPhone.Deploy.0 = Release|Any CPU
		{2FF23632-B54F-4611-8BEF-4CE47583B80A}.AppStore|iPhoneSimulator.ActiveCfg = Release|Any CPU
		{2FF23632-B54F-4611-8BEF-4CE47583B80A}.AppStore|iPhoneSimulator.Build.0 = Release|Any CPU
		{2FF23632-B54F-4611-8BEF-4CE47583B80A}.AppStore|iPhoneSimulator.Deploy.0 = Release|Any CPU
		{2FF23632-B54F-4611-8BEF-4CE47583B80A}.AppStore|x64.ActiveCfg = Release|Any CPU
		{2FF23632-B54F-4611-8BEF-4CE47583B80A}.AppStore|x64.Build.0 = Release|Any CPU
		{2FF23632-B54F-4611-8BEF-4CE47583B80A}.AppStore|x64.Deploy.0 = Release|Any CPU
		{2FF23632-B54F-4611-8BEF-4CE47583B80A}.AppStore|x86.ActiveCfg = Release|Any CPU
		{2FF23632-B54F-4611-8BEF-4CE47583B80A}.AppStore|x86.Build.0 = Release|Any CPU
		{2FF23632-B54F-4611-8BEF-4CE47583B80A}.AppStore|x86.Deploy.0 = Release|Any CPU
		{2FF23632-B54F-4611-8BEF-4CE47583B80A}.Debug|Any CPU.ActiveCfg = Debug|Any CPU
		{2FF23632-B54F-4611-8BEF-4CE47583B80A}.Debug|Any CPU.Build.0 = Debug|Any CPU
		{2FF23632-B54F-4611-8BEF-4CE47583B80A}.Debug|Any CPU.Deploy.0 = Debug|Any CPU
		{2FF23632-B54F-4611-8BEF-4CE47583B80A}.Debug|ARM.ActiveCfg = Debug|Any CPU
		{2FF23632-B54F-4611-8BEF-4CE47583B80A}.Debug|ARM.Build.0 = Debug|Any CPU
		{2FF23632-B54F-4611-8BEF-4CE47583B80A}.Debug|ARM.Deploy.0 = Debug|Any CPU
		{2FF23632-B54F-4611-8BEF-4CE47583B80A}.Debug|iPhone.ActiveCfg = Debug|Any CPU
		{2FF23632-B54F-4611-8BEF-4CE47583B80A}.Debug|iPhone.Build.0 = Debug|Any CPU
		{2FF23632-B54F-4611-8BEF-4CE47583B80A}.Debug|iPhone.Deploy.0 = Debug|Any CPU
		{2FF23632-B54F-4611-8BEF-4CE47583B80A}.Debug|iPhoneSimulator.ActiveCfg = Debug|Any CPU
		{2FF23632-B54F-4611-8BEF-4CE47583B80A}.Debug|iPhoneSimulator.Build.0 = Debug|Any CPU
		{2FF23632-B54F-4611-8BEF-4CE47583B80A}.Debug|iPhoneSimulator.Deploy.0 = Debug|Any CPU
		{2FF23632-B54F-4611-8BEF-4CE47583B80A}.Debug|x64.ActiveCfg = Debug|Any CPU
		{2FF23632-B54F-4611-8BEF-4CE47583B80A}.Debug|x64.Build.0 = Debug|Any CPU
		{2FF23632-B54F-4611-8BEF-4CE47583B80A}.Debug|x64.Deploy.0 = Debug|Any CPU
		{2FF23632-B54F-4611-8BEF-4CE47583B80A}.Debug|x86.ActiveCfg = Debug|Any CPU
		{2FF23632-B54F-4611-8BEF-4CE47583B80A}.Debug|x86.Build.0 = Debug|Any CPU
		{2FF23632-B54F-4611-8BEF-4CE47583B80A}.Debug|x86.Deploy.0 = Debug|Any CPU
		{2FF23632-B54F-4611-8BEF-4CE47583B80A}.Release|Any CPU.ActiveCfg = Release|Any CPU
		{2FF23632-B54F-4611-8BEF-4CE47583B80A}.Release|Any CPU.Build.0 = Release|Any CPU
		{2FF23632-B54F-4611-8BEF-4CE47583B80A}.Release|Any CPU.Deploy.0 = Release|Any CPU
		{2FF23632-B54F-4611-8BEF-4CE47583B80A}.Release|ARM.ActiveCfg = Release|Any CPU
		{2FF23632-B54F-4611-8BEF-4CE47583B80A}.Release|ARM.Build.0 = Release|Any CPU
		{2FF23632-B54F-4611-8BEF-4CE47583B80A}.Release|ARM.Deploy.0 = Release|Any CPU
		{2FF23632-B54F-4611-8BEF-4CE47583B80A}.Release|iPhone.ActiveCfg = Release|Any CPU
		{2FF23632-B54F-4611-8BEF-4CE47583B80A}.Release|iPhone.Build.0 = Release|Any CPU
		{2FF23632-B54F-4611-8BEF-4CE47583B80A}.Release|iPhone.Deploy.0 = Release|Any CPU
		{2FF23632-B54F-4611-8BEF-4CE47583B80A}.Release|iPhoneSimulator.ActiveCfg = Release|Any CPU
		{2FF23632-B54F-4611-8BEF-4CE47583B80A}.Release|iPhoneSimulator.Build.0 = Release|Any CPU
		{2FF23632-B54F-4611-8BEF-4CE47583B80A}.Release|iPhoneSimulator.Deploy.0 = Release|Any CPU
		{2FF23632-B54F-4611-8BEF-4CE47583B80A}.Release|x64.ActiveCfg = Release|Any CPU
		{2FF23632-B54F-4611-8BEF-4CE47583B80A}.Release|x64.Build.0 = Release|Any CPU
		{2FF23632-B54F-4611-8BEF-4CE47583B80A}.Release|x64.Deploy.0 = Release|Any CPU
		{2FF23632-B54F-4611-8BEF-4CE47583B80A}.Release|x86.ActiveCfg = Release|Any CPU
		{2FF23632-B54F-4611-8BEF-4CE47583B80A}.Release|x86.Build.0 = Release|Any CPU
		{2FF23632-B54F-4611-8BEF-4CE47583B80A}.Release|x86.Deploy.0 = Release|Any CPU
		{268AD70A-89B6-435B-8D92-6499571DA1E5}.Ad-Hoc|Any CPU.ActiveCfg = Ad-Hoc|iPhone
		{268AD70A-89B6-435B-8D92-6499571DA1E5}.Ad-Hoc|ARM.ActiveCfg = Ad-Hoc|iPhone
		{268AD70A-89B6-435B-8D92-6499571DA1E5}.Ad-Hoc|iPhone.ActiveCfg = Ad-Hoc|iPhone
		{268AD70A-89B6-435B-8D92-6499571DA1E5}.Ad-Hoc|iPhone.Build.0 = Ad-Hoc|iPhone
		{268AD70A-89B6-435B-8D92-6499571DA1E5}.Ad-Hoc|iPhoneSimulator.ActiveCfg = Ad-Hoc|iPhoneSimulator
		{268AD70A-89B6-435B-8D92-6499571DA1E5}.Ad-Hoc|iPhoneSimulator.Build.0 = Ad-Hoc|iPhoneSimulator
		{268AD70A-89B6-435B-8D92-6499571DA1E5}.Ad-Hoc|x64.ActiveCfg = Ad-Hoc|iPhone
		{268AD70A-89B6-435B-8D92-6499571DA1E5}.Ad-Hoc|x86.ActiveCfg = Ad-Hoc|iPhone
		{268AD70A-89B6-435B-8D92-6499571DA1E5}.AppStore|Any CPU.ActiveCfg = AppStore|iPhone
		{268AD70A-89B6-435B-8D92-6499571DA1E5}.AppStore|ARM.ActiveCfg = AppStore|iPhone
		{268AD70A-89B6-435B-8D92-6499571DA1E5}.AppStore|iPhone.ActiveCfg = AppStore|iPhone
		{268AD70A-89B6-435B-8D92-6499571DA1E5}.AppStore|iPhone.Build.0 = AppStore|iPhone
		{268AD70A-89B6-435B-8D92-6499571DA1E5}.AppStore|iPhoneSimulator.ActiveCfg = AppStore|iPhoneSimulator
		{268AD70A-89B6-435B-8D92-6499571DA1E5}.AppStore|iPhoneSimulator.Build.0 = AppStore|iPhoneSimulator
		{268AD70A-89B6-435B-8D92-6499571DA1E5}.AppStore|x64.ActiveCfg = AppStore|iPhone
		{268AD70A-89B6-435B-8D92-6499571DA1E5}.AppStore|x86.ActiveCfg = AppStore|iPhone
		{268AD70A-89B6-435B-8D92-6499571DA1E5}.Debug|Any CPU.ActiveCfg = Debug|iPhone
		{268AD70A-89B6-435B-8D92-6499571DA1E5}.Debug|ARM.ActiveCfg = Debug|iPhone
		{268AD70A-89B6-435B-8D92-6499571DA1E5}.Debug|iPhone.ActiveCfg = Debug|iPhone
		{268AD70A-89B6-435B-8D92-6499571DA1E5}.Debug|iPhone.Build.0 = Debug|iPhone
		{268AD70A-89B6-435B-8D92-6499571DA1E5}.Debug|iPhoneSimulator.ActiveCfg = Debug|iPhoneSimulator
		{268AD70A-89B6-435B-8D92-6499571DA1E5}.Debug|iPhoneSimulator.Build.0 = Debug|iPhoneSimulator
		{268AD70A-89B6-435B-8D92-6499571DA1E5}.Debug|x64.ActiveCfg = Debug|iPhone
		{268AD70A-89B6-435B-8D92-6499571DA1E5}.Debug|x86.ActiveCfg = Debug|iPhone
		{268AD70A-89B6-435B-8D92-6499571DA1E5}.Release|Any CPU.ActiveCfg = Release|iPhone
		{268AD70A-89B6-435B-8D92-6499571DA1E5}.Release|ARM.ActiveCfg = Release|iPhone
		{268AD70A-89B6-435B-8D92-6499571DA1E5}.Release|iPhone.ActiveCfg = Release|iPhone
		{268AD70A-89B6-435B-8D92-6499571DA1E5}.Release|iPhone.Build.0 = Release|iPhone
		{268AD70A-89B6-435B-8D92-6499571DA1E5}.Release|iPhoneSimulator.ActiveCfg = Release|iPhoneSimulator
		{268AD70A-89B6-435B-8D92-6499571DA1E5}.Release|iPhoneSimulator.Build.0 = Release|iPhoneSimulator
		{268AD70A-89B6-435B-8D92-6499571DA1E5}.Release|x64.ActiveCfg = Release|iPhone
		{268AD70A-89B6-435B-8D92-6499571DA1E5}.Release|x86.ActiveCfg = Release|iPhone
		{B5A86C29-8CB8-4F76-8FD1-81864DB5FFE3}.Ad-Hoc|Any CPU.ActiveCfg = Release|x86
		{B5A86C29-8CB8-4F76-8FD1-81864DB5FFE3}.Ad-Hoc|Any CPU.Build.0 = Release|x86
		{B5A86C29-8CB8-4F76-8FD1-81864DB5FFE3}.Ad-Hoc|Any CPU.Deploy.0 = Release|x86
		{B5A86C29-8CB8-4F76-8FD1-81864DB5FFE3}.Ad-Hoc|ARM.ActiveCfg = Release|ARM
		{B5A86C29-8CB8-4F76-8FD1-81864DB5FFE3}.Ad-Hoc|ARM.Build.0 = Release|ARM
		{B5A86C29-8CB8-4F76-8FD1-81864DB5FFE3}.Ad-Hoc|ARM.Deploy.0 = Release|ARM
		{B5A86C29-8CB8-4F76-8FD1-81864DB5FFE3}.Ad-Hoc|iPhone.ActiveCfg = Release|x86
		{B5A86C29-8CB8-4F76-8FD1-81864DB5FFE3}.Ad-Hoc|iPhone.Build.0 = Release|x86
		{B5A86C29-8CB8-4F76-8FD1-81864DB5FFE3}.Ad-Hoc|iPhone.Deploy.0 = Release|x86
		{B5A86C29-8CB8-4F76-8FD1-81864DB5FFE3}.Ad-Hoc|iPhoneSimulator.ActiveCfg = Release|x86
		{B5A86C29-8CB8-4F76-8FD1-81864DB5FFE3}.Ad-Hoc|iPhoneSimulator.Build.0 = Release|x86
		{B5A86C29-8CB8-4F76-8FD1-81864DB5FFE3}.Ad-Hoc|iPhoneSimulator.Deploy.0 = Release|x86
		{B5A86C29-8CB8-4F76-8FD1-81864DB5FFE3}.Ad-Hoc|x64.ActiveCfg = Release|x64
		{B5A86C29-8CB8-4F76-8FD1-81864DB5FFE3}.Ad-Hoc|x64.Build.0 = Release|x64
		{B5A86C29-8CB8-4F76-8FD1-81864DB5FFE3}.Ad-Hoc|x64.Deploy.0 = Release|x64
		{B5A86C29-8CB8-4F76-8FD1-81864DB5FFE3}.Ad-Hoc|x86.ActiveCfg = Release|x86
		{B5A86C29-8CB8-4F76-8FD1-81864DB5FFE3}.Ad-Hoc|x86.Build.0 = Release|x86
		{B5A86C29-8CB8-4F76-8FD1-81864DB5FFE3}.Ad-Hoc|x86.Deploy.0 = Release|x86
		{B5A86C29-8CB8-4F76-8FD1-81864DB5FFE3}.AppStore|Any CPU.ActiveCfg = Release|x86
		{B5A86C29-8CB8-4F76-8FD1-81864DB5FFE3}.AppStore|Any CPU.Build.0 = Release|x86
		{B5A86C29-8CB8-4F76-8FD1-81864DB5FFE3}.AppStore|Any CPU.Deploy.0 = Release|x86
		{B5A86C29-8CB8-4F76-8FD1-81864DB5FFE3}.AppStore|ARM.ActiveCfg = Release|ARM
		{B5A86C29-8CB8-4F76-8FD1-81864DB5FFE3}.AppStore|ARM.Build.0 = Release|ARM
		{B5A86C29-8CB8-4F76-8FD1-81864DB5FFE3}.AppStore|ARM.Deploy.0 = Release|ARM
		{B5A86C29-8CB8-4F76-8FD1-81864DB5FFE3}.AppStore|iPhone.ActiveCfg = Release|x86
		{B5A86C29-8CB8-4F76-8FD1-81864DB5FFE3}.AppStore|iPhone.Build.0 = Release|x86
		{B5A86C29-8CB8-4F76-8FD1-81864DB5FFE3}.AppStore|iPhone.Deploy.0 = Release|x86
		{B5A86C29-8CB8-4F76-8FD1-81864DB5FFE3}.AppStore|iPhoneSimulator.ActiveCfg = Release|x86
		{B5A86C29-8CB8-4F76-8FD1-81864DB5FFE3}.AppStore|iPhoneSimulator.Build.0 = Release|x86
		{B5A86C29-8CB8-4F76-8FD1-81864DB5FFE3}.AppStore|iPhoneSimulator.Deploy.0 = Release|x86
		{B5A86C29-8CB8-4F76-8FD1-81864DB5FFE3}.AppStore|x64.ActiveCfg = Release|x64
		{B5A86C29-8CB8-4F76-8FD1-81864DB5FFE3}.AppStore|x64.Build.0 = Release|x64
		{B5A86C29-8CB8-4F76-8FD1-81864DB5FFE3}.AppStore|x64.Deploy.0 = Release|x64
		{B5A86C29-8CB8-4F76-8FD1-81864DB5FFE3}.AppStore|x86.ActiveCfg = Release|x86
		{B5A86C29-8CB8-4F76-8FD1-81864DB5FFE3}.AppStore|x86.Build.0 = Release|x86
		{B5A86C29-8CB8-4F76-8FD1-81864DB5FFE3}.AppStore|x86.Deploy.0 = Release|x86
		{B5A86C29-8CB8-4F76-8FD1-81864DB5FFE3}.Debug|Any CPU.ActiveCfg = Debug|x86
		{B5A86C29-8CB8-4F76-8FD1-81864DB5FFE3}.Debug|ARM.ActiveCfg = Debug|ARM
		{B5A86C29-8CB8-4F76-8FD1-81864DB5FFE3}.Debug|ARM.Build.0 = Debug|ARM
		{B5A86C29-8CB8-4F76-8FD1-81864DB5FFE3}.Debug|ARM.Deploy.0 = Debug|ARM
		{B5A86C29-8CB8-4F76-8FD1-81864DB5FFE3}.Debug|iPhone.ActiveCfg = Debug|x86
		{B5A86C29-8CB8-4F76-8FD1-81864DB5FFE3}.Debug|iPhoneSimulator.ActiveCfg = Debug|x86
		{B5A86C29-8CB8-4F76-8FD1-81864DB5FFE3}.Debug|x64.ActiveCfg = Debug|x64
		{B5A86C29-8CB8-4F76-8FD1-81864DB5FFE3}.Debug|x64.Build.0 = Debug|x64
		{B5A86C29-8CB8-4F76-8FD1-81864DB5FFE3}.Debug|x64.Deploy.0 = Debug|x64
		{B5A86C29-8CB8-4F76-8FD1-81864DB5FFE3}.Debug|x86.ActiveCfg = Debug|x86
		{B5A86C29-8CB8-4F76-8FD1-81864DB5FFE3}.Debug|x86.Build.0 = Debug|x86
		{B5A86C29-8CB8-4F76-8FD1-81864DB5FFE3}.Debug|x86.Deploy.0 = Debug|x86
		{B5A86C29-8CB8-4F76-8FD1-81864DB5FFE3}.Release|Any CPU.ActiveCfg = Release|x86
		{B5A86C29-8CB8-4F76-8FD1-81864DB5FFE3}.Release|ARM.ActiveCfg = Release|ARM
		{B5A86C29-8CB8-4F76-8FD1-81864DB5FFE3}.Release|ARM.Build.0 = Release|ARM
		{B5A86C29-8CB8-4F76-8FD1-81864DB5FFE3}.Release|ARM.Deploy.0 = Release|ARM
		{B5A86C29-8CB8-4F76-8FD1-81864DB5FFE3}.Release|iPhone.ActiveCfg = Release|x86
		{B5A86C29-8CB8-4F76-8FD1-81864DB5FFE3}.Release|iPhoneSimulator.ActiveCfg = Release|x86
		{B5A86C29-8CB8-4F76-8FD1-81864DB5FFE3}.Release|x64.ActiveCfg = Release|x64
		{B5A86C29-8CB8-4F76-8FD1-81864DB5FFE3}.Release|x64.Build.0 = Release|x64
		{B5A86C29-8CB8-4F76-8FD1-81864DB5FFE3}.Release|x64.Deploy.0 = Release|x64
		{B5A86C29-8CB8-4F76-8FD1-81864DB5FFE3}.Release|x86.ActiveCfg = Release|x86
		{B5A86C29-8CB8-4F76-8FD1-81864DB5FFE3}.Release|x86.Build.0 = Release|x86
		{B5A86C29-8CB8-4F76-8FD1-81864DB5FFE3}.Release|x86.Deploy.0 = Release|x86
	EndGlobalSection
	GlobalSection(SolutionProperties) = preSolution
		HideSolutionNode = FALSE
	EndGlobalSection
	GlobalSection(ExtensibilityGlobals) = postSolution
		SolutionGuid = {8BAB56C4-4665-42C0-A334-5FDD6654DC48}
	EndGlobalSection
EndGlobal
