
Microsoft Visual Studio Solution File, Format Version 12.00
# Visual Studio 15
VisualStudioVersion = 15.0.27703.2018
MinimumVisualStudioVersion = 10.0.40219.1
Project("{FAE04EC0-301F-11D3-BF4B-00C04F79EFBC}") = "XFInvoice", "XFInvoice\XFInvoice\XFInvoice.csproj", "{EF7AC9AD-106E-46B4-8EC6-BE2027BD6370}"
EndProject
Project("{FAE04EC0-301F-11D3-BF4B-00C04F79EFBC}") = "XFInvoice.Android", "XFInvoice\XFInvoice.Android\XFInvoice.Android.csproj", "{D7D905BE-6315-4E8E-BE67-F82A26C3A43F}"
EndProject
Project("{FAE04EC0-301F-11D3-BF4B-00C04F79EFBC}") = "XFInvoice.iOS", "XFInvoice\XFInvoice.iOS\XFInvoice.iOS.csproj", "{7F1BE0CE-0017-4EF7-808B-6FF4CAD1544A}"
EndProject
Project("{FAE04EC0-301F-11D3-BF4B-00C04F79EFBC}") = "XFInvoice.UWP", "XFInvoice\XFInvoice.UWP\XFInvoice.UWP.csproj", "{B750E13A-5CAE-4195-8736-13152700863D}"
EndProject
Global
	GlobalSection(SolutionConfigurationPlatforms) = preSolution
		Ad-Hoc|Any CPU = Ad-Hoc|Any CPU
		Ad-Hoc|ARM = Ad-Hoc|ARM
		Ad-Hoc|iPhone = Ad-Hoc|iPhone
		Ad-Hoc|iPhoneSimulator = Ad-Hoc|iPhoneSimulator
		Ad-Hoc|x64 = Ad-Hoc|x64
		Ad-Hoc|x86 = Ad-Hoc|x86
		AppStore|Any CPU = AppStore|Any CPU
		AppStore|ARM = AppStore|ARM
		AppStore|iPhone = AppStore|iPhone
		AppStore|iPhoneSimulator = AppStore|iPhoneSimulator
		AppStore|x64 = AppStore|x64
		AppStore|x86 = AppStore|x86
		Debug|Any CPU = Debug|Any CPU
		Debug|ARM = Debug|ARM
		Debug|iPhone = Debug|iPhone
		Debug|iPhoneSimulator = Debug|iPhoneSimulator
		Debug|x64 = Debug|x64
		Debug|x86 = Debug|x86
		Release|Any CPU = Release|Any CPU
		Release|ARM = Release|ARM
		Release|iPhone = Release|iPhone
		Release|iPhoneSimulator = Release|iPhoneSimulator
		Release|x64 = Release|x64
		Release|x86 = Release|x86
	EndGlobalSection
	GlobalSection(ProjectConfigurationPlatforms) = postSolution
		{EF7AC9AD-106E-46B4-8EC6-BE2027BD6370}.Ad-Hoc|Any CPU.ActiveCfg = Debug|Any CPU
		{EF7AC9AD-106E-46B4-8EC6-BE2027BD6370}.Ad-Hoc|Any CPU.Build.0 = Debug|Any CPU
		{EF7AC9AD-106E-46B4-8EC6-BE2027BD6370}.Ad-Hoc|ARM.ActiveCfg = Debug|Any CPU
		{EF7AC9AD-106E-46B4-8EC6-BE2027BD6370}.Ad-Hoc|ARM.Build.0 = Debug|Any CPU
		{EF7AC9AD-106E-46B4-8EC6-BE2027BD6370}.Ad-Hoc|iPhone.ActiveCfg = Debug|Any CPU
		{EF7AC9AD-106E-46B4-8EC6-BE2027BD6370}.Ad-Hoc|iPhone.Build.0 = Debug|Any CPU
		{EF7AC9AD-106E-46B4-8EC6-BE2027BD6370}.Ad-Hoc|iPhoneSimulator.ActiveCfg = Debug|Any CPU
		{EF7AC9AD-106E-46B4-8EC6-BE2027BD6370}.Ad-Hoc|iPhoneSimulator.Build.0 = Debug|Any CPU
		{EF7AC9AD-106E-46B4-8EC6-BE2027BD6370}.Ad-Hoc|x64.ActiveCfg = Debug|Any CPU
		{EF7AC9AD-106E-46B4-8EC6-BE2027BD6370}.Ad-Hoc|x64.Build.0 = Debug|Any CPU
		{EF7AC9AD-106E-46B4-8EC6-BE2027BD6370}.Ad-Hoc|x86.ActiveCfg = Debug|Any CPU
		{EF7AC9AD-106E-46B4-8EC6-BE2027BD6370}.Ad-Hoc|x86.Build.0 = Debug|Any CPU
		{EF7AC9AD-106E-46B4-8EC6-BE2027BD6370}.AppStore|Any CPU.ActiveCfg = Debug|Any CPU
		{EF7AC9AD-106E-46B4-8EC6-BE2027BD6370}.AppStore|Any CPU.Build.0 = Debug|Any CPU
		{EF7AC9AD-106E-46B4-8EC6-BE2027BD6370}.AppStore|ARM.ActiveCfg = Debug|Any CPU
		{EF7AC9AD-106E-46B4-8EC6-BE2027BD6370}.AppStore|ARM.Build.0 = Debug|Any CPU
		{EF7AC9AD-106E-46B4-8EC6-BE2027BD6370}.AppStore|iPhone.ActiveCfg = Debug|Any CPU
		{EF7AC9AD-106E-46B4-8EC6-BE2027BD6370}.AppStore|iPhone.Build.0 = Debug|Any CPU
		{EF7AC9AD-106E-46B4-8EC6-BE2027BD6370}.AppStore|iPhoneSimulator.ActiveCfg = Debug|Any CPU
		{EF7AC9AD-106E-46B4-8EC6-BE2027BD6370}.AppStore|iPhoneSimulator.Build.0 = Debug|Any CPU
		{EF7AC9AD-106E-46B4-8EC6-BE2027BD6370}.AppStore|x64.ActiveCfg = Debug|Any CPU
		{EF7AC9AD-106E-46B4-8EC6-BE2027BD6370}.AppStore|x64.Build.0 = Debug|Any CPU
		{EF7AC9AD-106E-46B4-8EC6-BE2027BD6370}.AppStore|x86.ActiveCfg = Debug|Any CPU
		{EF7AC9AD-106E-46B4-8EC6-BE2027BD6370}.AppStore|x86.Build.0 = Debug|Any CPU
		{EF7AC9AD-106E-46B4-8EC6-BE2027BD6370}.Debug|Any CPU.ActiveCfg = Debug|Any CPU
		{EF7AC9AD-106E-46B4-8EC6-BE2027BD6370}.Debug|Any CPU.Build.0 = Debug|Any CPU
		{EF7AC9AD-106E-46B4-8EC6-BE2027BD6370}.Debug|ARM.ActiveCfg = Debug|Any CPU
		{EF7AC9AD-106E-46B4-8EC6-BE2027BD6370}.Debug|ARM.Build.0 = Debug|Any CPU
		{EF7AC9AD-106E-46B4-8EC6-BE2027BD6370}.Debug|iPhone.ActiveCfg = Debug|Any CPU
		{EF7AC9AD-106E-46B4-8EC6-BE2027BD6370}.Debug|iPhone.Build.0 = Debug|Any CPU
		{EF7AC9AD-106E-46B4-8EC6-BE2027BD6370}.Debug|iPhoneSimulator.ActiveCfg = Debug|Any CPU
		{EF7AC9AD-106E-46B4-8EC6-BE2027BD6370}.Debug|iPhoneSimulator.Build.0 = Debug|Any CPU
		{EF7AC9AD-106E-46B4-8EC6-BE2027BD6370}.Debug|x64.ActiveCfg = Debug|Any CPU
		{EF7AC9AD-106E-46B4-8EC6-BE2027BD6370}.Debug|x64.Build.0 = Debug|Any CPU
		{EF7AC9AD-106E-46B4-8EC6-BE2027BD6370}.Debug|x86.ActiveCfg = Debug|Any CPU
		{EF7AC9AD-106E-46B4-8EC6-BE2027BD6370}.Debug|x86.Build.0 = Debug|Any CPU
		{EF7AC9AD-106E-46B4-8EC6-BE2027BD6370}.Release|Any CPU.ActiveCfg = Release|Any CPU
		{EF7AC9AD-106E-46B4-8EC6-BE2027BD6370}.Release|Any CPU.Build.0 = Release|Any CPU
		{EF7AC9AD-106E-46B4-8EC6-BE2027BD6370}.Release|ARM.ActiveCfg = Release|Any CPU
		{EF7AC9AD-106E-46B4-8EC6-BE2027BD6370}.Release|ARM.Build.0 = Release|Any CPU
		{EF7AC9AD-106E-46B4-8EC6-BE2027BD6370}.Release|iPhone.ActiveCfg = Release|Any CPU
		{EF7AC9AD-106E-46B4-8EC6-BE2027BD6370}.Release|iPhone.Build.0 = Release|Any CPU
		{EF7AC9AD-106E-46B4-8EC6-BE2027BD6370}.Release|iPhoneSimulator.ActiveCfg = Release|Any CPU
		{EF7AC9AD-106E-46B4-8EC6-BE2027BD6370}.Release|iPhoneSimulator.Build.0 = Release|Any CPU
		{EF7AC9AD-106E-46B4-8EC6-BE2027BD6370}.Release|x64.ActiveCfg = Release|Any CPU
		{EF7AC9AD-106E-46B4-8EC6-BE2027BD6370}.Release|x64.Build.0 = Release|Any CPU
		{EF7AC9AD-106E-46B4-8EC6-BE2027BD6370}.Release|x86.ActiveCfg = Release|Any CPU
		{EF7AC9AD-106E-46B4-8EC6-BE2027BD6370}.Release|x86.Build.0 = Release|Any CPU
		{D7D905BE-6315-4E8E-BE67-F82A26C3A43F}.Ad-Hoc|Any CPU.ActiveCfg = Release|Any CPU
		{D7D905BE-6315-4E8E-BE67-F82A26C3A43F}.Ad-Hoc|Any CPU.Build.0 = Release|Any CPU
		{D7D905BE-6315-4E8E-BE67-F82A26C3A43F}.Ad-Hoc|Any CPU.Deploy.0 = Release|Any CPU
		{D7D905BE-6315-4E8E-BE67-F82A26C3A43F}.Ad-Hoc|ARM.ActiveCfg = Release|Any CPU
		{D7D905BE-6315-4E8E-BE67-F82A26C3A43F}.Ad-Hoc|ARM.Build.0 = Release|Any CPU
		{D7D905BE-6315-4E8E-BE67-F82A26C3A43F}.Ad-Hoc|ARM.Deploy.0 = Release|Any CPU
		{D7D905BE-6315-4E8E-BE67-F82A26C3A43F}.Ad-Hoc|iPhone.ActiveCfg = Release|Any CPU
		{D7D905BE-6315-4E8E-BE67-F82A26C3A43F}.Ad-Hoc|iPhone.Build.0 = Release|Any CPU
		{D7D905BE-6315-4E8E-BE67-F82A26C3A43F}.Ad-Hoc|iPhone.Deploy.0 = Release|Any CPU
		{D7D905BE-6315-4E8E-BE67-F82A26C3A43F}.Ad-Hoc|iPhoneSimulator.ActiveCfg = Release|Any CPU
		{D7D905BE-6315-4E8E-BE67-F82A26C3A43F}.Ad-Hoc|iPhoneSimulator.Build.0 = Release|Any CPU
		{D7D905BE-6315-4E8E-BE67-F82A26C3A43F}.Ad-Hoc|iPhoneSimulator.Deploy.0 = Release|Any CPU
		{D7D905BE-6315-4E8E-BE67-F82A26C3A43F}.Ad-Hoc|x64.ActiveCfg = Release|Any CPU
		{D7D905BE-6315-4E8E-BE67-F82A26C3A43F}.Ad-Hoc|x64.Build.0 = Release|Any CPU
		{D7D905BE-6315-4E8E-BE67-F82A26C3A43F}.Ad-Hoc|x64.Deploy.0 = Release|Any CPU
		{D7D905BE-6315-4E8E-BE67-F82A26C3A43F}.Ad-Hoc|x86.ActiveCfg = Release|Any CPU
		{D7D905BE-6315-4E8E-BE67-F82A26C3A43F}.Ad-Hoc|x86.Build.0 = Release|Any CPU
		{D7D905BE-6315-4E8E-BE67-F82A26C3A43F}.Ad-Hoc|x86.Deploy.0 = Release|Any CPU
		{D7D905BE-6315-4E8E-BE67-F82A26C3A43F}.AppStore|Any CPU.ActiveCfg = Release|Any CPU
		{D7D905BE-6315-4E8E-BE67-F82A26C3A43F}.AppStore|Any CPU.Build.0 = Release|Any CPU
		{D7D905BE-6315-4E8E-BE67-F82A26C3A43F}.AppStore|Any CPU.Deploy.0 = Release|Any CPU
		{D7D905BE-6315-4E8E-BE67-F82A26C3A43F}.AppStore|ARM.ActiveCfg = Release|Any CPU
		{D7D905BE-6315-4E8E-BE67-F82A26C3A43F}.AppStore|ARM.Build.0 = Release|Any CPU
		{D7D905BE-6315-4E8E-BE67-F82A26C3A43F}.AppStore|ARM.Deploy.0 = Release|Any CPU
		{D7D905BE-6315-4E8E-BE67-F82A26C3A43F}.AppStore|iPhone.ActiveCfg = Release|Any CPU
		{D7D905BE-6315-4E8E-BE67-F82A26C3A43F}.AppStore|iPhone.Build.0 = Release|Any CPU
		{D7D905BE-6315-4E8E-BE67-F82A26C3A43F}.AppStore|iPhone.Deploy.0 = Release|Any CPU
		{D7D905BE-6315-4E8E-BE67-F82A26C3A43F}.AppStore|iPhoneSimulator.ActiveCfg = Release|Any CPU
		{D7D905BE-6315-4E8E-BE67-F82A26C3A43F}.AppStore|iPhoneSimulator.Build.0 = Release|Any CPU
		{D7D905BE-6315-4E8E-BE67-F82A26C3A43F}.AppStore|iPhoneSimulator.Deploy.0 = Release|Any CPU
		{D7D905BE-6315-4E8E-BE67-F82A26C3A43F}.AppStore|x64.ActiveCfg = Release|Any CPU
		{D7D905BE-6315-4E8E-BE67-F82A26C3A43F}.AppStore|x64.Build.0 = Release|Any CPU
		{D7D905BE-6315-4E8E-BE67-F82A26C3A43F}.AppStore|x64.Deploy.0 = Release|Any CPU
		{D7D905BE-6315-4E8E-BE67-F82A26C3A43F}.AppStore|x86.ActiveCfg = Release|Any CPU
		{D7D905BE-6315-4E8E-BE67-F82A26C3A43F}.AppStore|x86.Build.0 = Release|Any CPU
		{D7D905BE-6315-4E8E-BE67-F82A26C3A43F}.AppStore|x86.Deploy.0 = Release|Any CPU
		{D7D905BE-6315-4E8E-BE67-F82A26C3A43F}.Debug|Any CPU.ActiveCfg = Debug|Any CPU
		{D7D905BE-6315-4E8E-BE67-F82A26C3A43F}.Debug|Any CPU.Build.0 = Debug|Any CPU
		{D7D905BE-6315-4E8E-BE67-F82A26C3A43F}.Debug|Any CPU.Deploy.0 = Debug|Any CPU
		{D7D905BE-6315-4E8E-BE67-F82A26C3A43F}.Debug|ARM.ActiveCfg = Debug|Any CPU
		{D7D905BE-6315-4E8E-BE67-F82A26C3A43F}.Debug|ARM.Build.0 = Debug|Any CPU
		{D7D905BE-6315-4E8E-BE67-F82A26C3A43F}.Debug|ARM.Deploy.0 = Debug|Any CPU
		{D7D905BE-6315-4E8E-BE67-F82A26C3A43F}.Debug|iPhone.ActiveCfg = Debug|Any CPU
		{D7D905BE-6315-4E8E-BE67-F82A26C3A43F}.Debug|iPhone.Build.0 = Debug|Any CPU
		{D7D905BE-6315-4E8E-BE67-F82A26C3A43F}.Debug|iPhone.Deploy.0 = Debug|Any CPU
		{D7D905BE-6315-4E8E-BE67-F82A26C3A43F}.Debug|iPhoneSimulator.ActiveCfg = Debug|Any CPU
		{D7D905BE-6315-4E8E-BE67-F82A26C3A43F}.Debug|iPhoneSimulator.Build.0 = Debug|Any CPU
		{D7D905BE-6315-4E8E-BE67-F82A26C3A43F}.Debug|iPhoneSimulator.Deploy.0 = Debug|Any CPU
		{D7D905BE-6315-4E8E-BE67-F82A26C3A43F}.Debug|x64.ActiveCfg = Debug|Any CPU
		{D7D905BE-6315-4E8E-BE67-F82A26C3A43F}.Debug|x64.Build.0 = Debug|Any CPU
		{D7D905BE-6315-4E8E-BE67-F82A26C3A43F}.Debug|x64.Deploy.0 = Debug|Any CPU
		{D7D905BE-6315-4E8E-BE67-F82A26C3A43F}.Debug|x86.ActiveCfg = Debug|Any CPU
		{D7D905BE-6315-4E8E-BE67-F82A26C3A43F}.Debug|x86.Build.0 = Debug|Any CPU
		{D7D905BE-6315-4E8E-BE67-F82A26C3A43F}.Debug|x86.Deploy.0 = Debug|Any CPU
		{D7D905BE-6315-4E8E-BE67-F82A26C3A43F}.Release|Any CPU.ActiveCfg = Release|Any CPU
		{D7D905BE-6315-4E8E-BE67-F82A26C3A43F}.Release|Any CPU.Build.0 = Release|Any CPU
		{D7D905BE-6315-4E8E-BE67-F82A26C3A43F}.Release|Any CPU.Deploy.0 = Release|Any CPU
		{D7D905BE-6315-4E8E-BE67-F82A26C3A43F}.Release|ARM.ActiveCfg = Release|Any CPU
		{D7D905BE-6315-4E8E-BE67-F82A26C3A43F}.Release|ARM.Build.0 = Release|Any CPU
		{D7D905BE-6315-4E8E-BE67-F82A26C3A43F}.Release|ARM.Deploy.0 = Release|Any CPU
		{D7D905BE-6315-4E8E-BE67-F82A26C3A43F}.Release|iPhone.ActiveCfg = Release|Any CPU
		{D7D905BE-6315-4E8E-BE67-F82A26C3A43F}.Release|iPhone.Build.0 = Release|Any CPU
		{D7D905BE-6315-4E8E-BE67-F82A26C3A43F}.Release|iPhone.Deploy.0 = Release|Any CPU
		{D7D905BE-6315-4E8E-BE67-F82A26C3A43F}.Release|iPhoneSimulator.ActiveCfg = Release|Any CPU
		{D7D905BE-6315-4E8E-BE67-F82A26C3A43F}.Release|iPhoneSimulator.Build.0 = Release|Any CPU
		{D7D905BE-6315-4E8E-BE67-F82A26C3A43F}.Release|iPhoneSimulator.Deploy.0 = Release|Any CPU
		{D7D905BE-6315-4E8E-BE67-F82A26C3A43F}.Release|x64.ActiveCfg = Release|Any CPU
		{D7D905BE-6315-4E8E-BE67-F82A26C3A43F}.Release|x64.Build.0 = Release|Any CPU
		{D7D905BE-6315-4E8E-BE67-F82A26C3A43F}.Release|x64.Deploy.0 = Release|Any CPU
		{D7D905BE-6315-4E8E-BE67-F82A26C3A43F}.Release|x86.ActiveCfg = Release|Any CPU
		{D7D905BE-6315-4E8E-BE67-F82A26C3A43F}.Release|x86.Build.0 = Release|Any CPU
		{D7D905BE-6315-4E8E-BE67-F82A26C3A43F}.Release|x86.Deploy.0 = Release|Any CPU
		{7F1BE0CE-0017-4EF7-808B-6FF4CAD1544A}.Ad-Hoc|Any CPU.ActiveCfg = Ad-Hoc|iPhone
		{7F1BE0CE-0017-4EF7-808B-6FF4CAD1544A}.Ad-Hoc|ARM.ActiveCfg = Ad-Hoc|iPhone
		{7F1BE0CE-0017-4EF7-808B-6FF4CAD1544A}.Ad-Hoc|iPhone.ActiveCfg = Ad-Hoc|iPhone
		{7F1BE0CE-0017-4EF7-808B-6FF4CAD1544A}.Ad-Hoc|iPhone.Build.0 = Ad-Hoc|iPhone
		{7F1BE0CE-0017-4EF7-808B-6FF4CAD1544A}.Ad-Hoc|iPhoneSimulator.ActiveCfg = Ad-Hoc|iPhoneSimulator
		{7F1BE0CE-0017-4EF7-808B-6FF4CAD1544A}.Ad-Hoc|iPhoneSimulator.Build.0 = Ad-Hoc|iPhoneSimulator
		{7F1BE0CE-0017-4EF7-808B-6FF4CAD1544A}.Ad-Hoc|x64.ActiveCfg = Ad-Hoc|iPhone
		{7F1BE0CE-0017-4EF7-808B-6FF4CAD1544A}.Ad-Hoc|x86.ActiveCfg = Ad-Hoc|iPhone
		{7F1BE0CE-0017-4EF7-808B-6FF4CAD1544A}.AppStore|Any CPU.ActiveCfg = AppStore|iPhone
		{7F1BE0CE-0017-4EF7-808B-6FF4CAD1544A}.AppStore|ARM.ActiveCfg = AppStore|iPhone
		{7F1BE0CE-0017-4EF7-808B-6FF4CAD1544A}.AppStore|iPhone.ActiveCfg = AppStore|iPhone
		{7F1BE0CE-0017-4EF7-808B-6FF4CAD1544A}.AppStore|iPhone.Build.0 = AppStore|iPhone
		{7F1BE0CE-0017-4EF7-808B-6FF4CAD1544A}.AppStore|iPhoneSimulator.ActiveCfg = AppStore|iPhoneSimulator
		{7F1BE0CE-0017-4EF7-808B-6FF4CAD1544A}.AppStore|iPhoneSimulator.Build.0 = AppStore|iPhoneSimulator
		{7F1BE0CE-0017-4EF7-808B-6FF4CAD1544A}.AppStore|x64.ActiveCfg = AppStore|iPhone
		{7F1BE0CE-0017-4EF7-808B-6FF4CAD1544A}.AppStore|x86.ActiveCfg = AppStore|iPhone
		{7F1BE0CE-0017-4EF7-808B-6FF4CAD1544A}.Debug|Any CPU.ActiveCfg = Debug|iPhone
		{7F1BE0CE-0017-4EF7-808B-6FF4CAD1544A}.Debug|ARM.ActiveCfg = Debug|iPhone
		{7F1BE0CE-0017-4EF7-808B-6FF4CAD1544A}.Debug|iPhone.ActiveCfg = Debug|iPhone
		{7F1BE0CE-0017-4EF7-808B-6FF4CAD1544A}.Debug|iPhone.Build.0 = Debug|iPhone
		{7F1BE0CE-0017-4EF7-808B-6FF4CAD1544A}.Debug|iPhoneSimulator.ActiveCfg = Debug|iPhoneSimulator
		{7F1BE0CE-0017-4EF7-808B-6FF4CAD1544A}.Debug|iPhoneSimulator.Build.0 = Debug|iPhoneSimulator
		{7F1BE0CE-0017-4EF7-808B-6FF4CAD1544A}.Debug|x64.ActiveCfg = Debug|iPhone
		{7F1BE0CE-0017-4EF7-808B-6FF4CAD1544A}.Debug|x86.ActiveCfg = Debug|iPhone
		{7F1BE0CE-0017-4EF7-808B-6FF4CAD1544A}.Release|Any CPU.ActiveCfg = Release|iPhone
		{7F1BE0CE-0017-4EF7-808B-6FF4CAD1544A}.Release|ARM.ActiveCfg = Release|iPhone
		{7F1BE0CE-0017-4EF7-808B-6FF4CAD1544A}.Release|iPhone.ActiveCfg = Release|iPhone
		{7F1BE0CE-0017-4EF7-808B-6FF4CAD1544A}.Release|iPhone.Build.0 = Release|iPhone
		{7F1BE0CE-0017-4EF7-808B-6FF4CAD1544A}.Release|iPhoneSimulator.ActiveCfg = Release|iPhoneSimulator
		{7F1BE0CE-0017-4EF7-808B-6FF4CAD1544A}.Release|iPhoneSimulator.Build.0 = Release|iPhoneSimulator
		{7F1BE0CE-0017-4EF7-808B-6FF4CAD1544A}.Release|x64.ActiveCfg = Release|iPhone
		{7F1BE0CE-0017-4EF7-808B-6FF4CAD1544A}.Release|x86.ActiveCfg = Release|iPhone
		{B750E13A-5CAE-4195-8736-13152700863D}.Ad-Hoc|Any CPU.ActiveCfg = Release|x86
		{B750E13A-5CAE-4195-8736-13152700863D}.Ad-Hoc|Any CPU.Build.0 = Release|x86
		{B750E13A-5CAE-4195-8736-13152700863D}.Ad-Hoc|Any CPU.Deploy.0 = Release|x86
		{B750E13A-5CAE-4195-8736-13152700863D}.Ad-Hoc|ARM.ActiveCfg = Release|ARM
		{B750E13A-5CAE-4195-8736-13152700863D}.Ad-Hoc|ARM.Build.0 = Release|ARM
		{B750E13A-5CAE-4195-8736-13152700863D}.Ad-Hoc|ARM.Deploy.0 = Release|ARM
		{B750E13A-5CAE-4195-8736-13152700863D}.Ad-Hoc|iPhone.ActiveCfg = Release|x86
		{B750E13A-5CAE-4195-8736-13152700863D}.Ad-Hoc|iPhone.Build.0 = Release|x86
		{B750E13A-5CAE-4195-8736-13152700863D}.Ad-Hoc|iPhone.Deploy.0 = Release|x86
		{B750E13A-5CAE-4195-8736-13152700863D}.Ad-Hoc|iPhoneSimulator.ActiveCfg = Release|x86
		{B750E13A-5CAE-4195-8736-13152700863D}.Ad-Hoc|iPhoneSimulator.Build.0 = Release|x86
		{B750E13A-5CAE-4195-8736-13152700863D}.Ad-Hoc|iPhoneSimulator.Deploy.0 = Release|x86
		{B750E13A-5CAE-4195-8736-13152700863D}.Ad-Hoc|x64.ActiveCfg = Release|x64
		{B750E13A-5CAE-4195-8736-13152700863D}.Ad-Hoc|x64.Build.0 = Release|x64
		{B750E13A-5CAE-4195-8736-13152700863D}.Ad-Hoc|x64.Deploy.0 = Release|x64
		{B750E13A-5CAE-4195-8736-13152700863D}.Ad-Hoc|x86.ActiveCfg = Release|x86
		{B750E13A-5CAE-4195-8736-13152700863D}.Ad-Hoc|x86.Build.0 = Release|x86
		{B750E13A-5CAE-4195-8736-13152700863D}.Ad-Hoc|x86.Deploy.0 = Release|x86
		{B750E13A-5CAE-4195-8736-13152700863D}.AppStore|Any CPU.ActiveCfg = Release|x86
		{B750E13A-5CAE-4195-8736-13152700863D}.AppStore|Any CPU.Build.0 = Release|x86
		{B750E13A-5CAE-4195-8736-13152700863D}.AppStore|Any CPU.Deploy.0 = Release|x86
		{B750E13A-5CAE-4195-8736-13152700863D}.AppStore|ARM.ActiveCfg = Release|ARM
		{B750E13A-5CAE-4195-8736-13152700863D}.AppStore|ARM.Build.0 = Release|ARM
		{B750E13A-5CAE-4195-8736-13152700863D}.AppStore|ARM.Deploy.0 = Release|ARM
		{B750E13A-5CAE-4195-8736-13152700863D}.AppStore|iPhone.ActiveCfg = Release|x86
		{B750E13A-5CAE-4195-8736-13152700863D}.AppStore|iPhone.Build.0 = Release|x86
		{B750E13A-5CAE-4195-8736-13152700863D}.AppStore|iPhone.Deploy.0 = Release|x86
		{B750E13A-5CAE-4195-8736-13152700863D}.AppStore|iPhoneSimulator.ActiveCfg = Release|x86
		{B750E13A-5CAE-4195-8736-13152700863D}.AppStore|iPhoneSimulator.Build.0 = Release|x86
		{B750E13A-5CAE-4195-8736-13152700863D}.AppStore|iPhoneSimulator.Deploy.0 = Release|x86
		{B750E13A-5CAE-4195-8736-13152700863D}.AppStore|x64.ActiveCfg = Release|x64
		{B750E13A-5CAE-4195-8736-13152700863D}.AppStore|x64.Build.0 = Release|x64
		{B750E13A-5CAE-4195-8736-13152700863D}.AppStore|x64.Deploy.0 = Release|x64
		{B750E13A-5CAE-4195-8736-13152700863D}.AppStore|x86.ActiveCfg = Release|x86
		{B750E13A-5CAE-4195-8736-13152700863D}.AppStore|x86.Build.0 = Release|x86
		{B750E13A-5CAE-4195-8736-13152700863D}.AppStore|x86.Deploy.0 = Release|x86
		{B750E13A-5CAE-4195-8736-13152700863D}.Debug|Any CPU.ActiveCfg = Debug|x86
		{B750E13A-5CAE-4195-8736-13152700863D}.Debug|ARM.ActiveCfg = Debug|ARM
		{B750E13A-5CAE-4195-8736-13152700863D}.Debug|ARM.Build.0 = Debug|ARM
		{B750E13A-5CAE-4195-8736-13152700863D}.Debug|ARM.Deploy.0 = Debug|ARM
		{B750E13A-5CAE-4195-8736-13152700863D}.Debug|iPhone.ActiveCfg = Debug|x86
		{B750E13A-5CAE-4195-8736-13152700863D}.Debug|iPhoneSimulator.ActiveCfg = Debug|x86
		{B750E13A-5CAE-4195-8736-13152700863D}.Debug|x64.ActiveCfg = Debug|x64
		{B750E13A-5CAE-4195-8736-13152700863D}.Debug|x64.Build.0 = Debug|x64
		{B750E13A-5CAE-4195-8736-13152700863D}.Debug|x64.Deploy.0 = Debug|x64
		{B750E13A-5CAE-4195-8736-13152700863D}.Debug|x86.ActiveCfg = Debug|x86
		{B750E13A-5CAE-4195-8736-13152700863D}.Debug|x86.Build.0 = Debug|x86
		{B750E13A-5CAE-4195-8736-13152700863D}.Debug|x86.Deploy.0 = Debug|x86
		{B750E13A-5CAE-4195-8736-13152700863D}.Release|Any CPU.ActiveCfg = Release|x86
		{B750E13A-5CAE-4195-8736-13152700863D}.Release|ARM.ActiveCfg = Release|ARM
		{B750E13A-5CAE-4195-8736-13152700863D}.Release|ARM.Build.0 = Release|ARM
		{B750E13A-5CAE-4195-8736-13152700863D}.Release|ARM.Deploy.0 = Release|ARM
		{B750E13A-5CAE-4195-8736-13152700863D}.Release|iPhone.ActiveCfg = Release|x86
		{B750E13A-5CAE-4195-8736-13152700863D}.Release|iPhoneSimulator.ActiveCfg = Release|x86
		{B750E13A-5CAE-4195-8736-13152700863D}.Release|x64.ActiveCfg = Release|x64
		{B750E13A-5CAE-4195-8736-13152700863D}.Release|x64.Build.0 = Release|x64
		{B750E13A-5CAE-4195-8736-13152700863D}.Release|x64.Deploy.0 = Release|x64
		{B750E13A-5CAE-4195-8736-13152700863D}.Release|x86.ActiveCfg = Release|x86
		{B750E13A-5CAE-4195-8736-13152700863D}.Release|x86.Build.0 = Release|x86
		{B750E13A-5CAE-4195-8736-13152700863D}.Release|x86.Deploy.0 = Release|x86
	EndGlobalSection
	GlobalSection(SolutionProperties) = preSolution
		HideSolutionNode = FALSE
	EndGlobalSection
	GlobalSection(ExtensibilityGlobals) = postSolution
		SolutionGuid = {CC404F3B-1479-4154-BF69-85C173F9C2EC}
	EndGlobalSection
EndGlobal
